
Microsoft Visual Studio Solution File, Format Version 12.00
# Visual Studio 15
VisualStudioVersion = 15.0.26730.16
MinimumVisualStudioVersion = 10.0.40219.1
Project("{FAE04EC0-301F-11D3-BF4B-00C04F79EFBC}") = "ModernProxyChecker", "ModernProxyChecker\ModernProxyChecker.csproj", "{92352F0F-2D58-42CB-AFB5-527A7EE604D6}"
EndProject
Global
	GlobalSection(SolutionConfigurationPlatforms) = preSolution
		Debug|Any CPU = Debug|Any CPU
		Release|Any CPU = Release|Any CPU
	EndGlobalSection
	GlobalSection(ProjectConfigurationPlatforms) = postSolution
		{92352F0F-2D58-42CB-AFB5-527A7EE604D6}.Debug|Any CPU.ActiveCfg = Debug|Any CPU
		{92352F0F-2D58-42CB-AFB5-527A7EE604D6}.Debug|Any CPU.Build.0 = Debug|Any CPU
		{92352F0F-2D58-42CB-AFB5-527A7EE604D6}.Release|Any CPU.ActiveCfg = Release|Any CPU
		{92352F0F-2D58-42CB-AFB5-527A7EE604D6}.Release|Any CPU.Build.0 = Release|Any CPU
	EndGlobalSection
	GlobalSection(SolutionProperties) = preSolution
		HideSolutionNode = FALSE
	EndGlobalSection
	GlobalSection(ExtensibilityGlobals) = postSolution
		SolutionGuid = {5D564E33-F4F9-48D6-A418-253519671D90}
	EndGlobalSection
EndGlobal
